
Microsoft Visual Studio Solution File, Format Version 12.00
# Visual Studio 15
VisualStudioVersion = 15.0.28307.1321
MinimumVisualStudioVersion = 10.0.40219.1
Project("{FAE04EC0-301F-11D3-BF4B-00C04F79EFBC}") = "projectCantekGroup", "projectCantekGroup\projectCantekGroup.csproj", "{B1DB1D10-20C9-443F-92A2-A97EAA9CF2FC}"
EndProject
Global
	GlobalSection(SolutionConfigurationPlatforms) = preSolution
		Debug|Any CPU = Debug|Any CPU
		Release|Any CPU = Release|Any CPU
	EndGlobalSection
	GlobalSection(ProjectConfigurationPlatforms) = postSolution
		{B1DB1D10-20C9-443F-92A2-A97EAA9CF2FC}.Debug|Any CPU.ActiveCfg = Debug|Any CPU
		{B1DB1D10-20C9-443F-92A2-A97EAA9CF2FC}.Debug|Any CPU.Build.0 = Debug|Any CPU
		{B1DB1D10-20C9-443F-92A2-A97EAA9CF2FC}.Release|Any CPU.ActiveCfg = Release|Any CPU
		{B1DB1D10-20C9-443F-92A2-A97EAA9CF2FC}.Release|Any CPU.Build.0 = Release|Any CPU
	EndGlobalSection
	GlobalSection(SolutionProperties) = preSolution
		HideSolutionNode = FALSE
	EndGlobalSection
	GlobalSection(ExtensibilityGlobals) = postSolution
		SolutionGuid = {B5A3356E-E620-4781-A357-0B261DA8DE4D}
	EndGlobalSection
EndGlobal
